
Microsoft Visual Studio Solution File, Format Version 12.00
# Visual Studio Version 17
VisualStudioVersion = 17.0.32126.317
MinimumVisualStudioVersion = 10.0.40219.1
Project("{9A19103F-16F7-4668-BE54-9A1E7A4F7556}") = "HomeBudget", "HomeBudget\HomeBudget.csproj", "{A6F50B13-4063-4257-81E2-593465F89067}"
EndProject
Project("{FAE04EC0-301F-11D3-BF4B-00C04F79EFBC}") = "HomeBudget.Services", "HomeBudget.Services\HomeBudget.Services.csproj", "{2F5CE1E5-B9B8-4594-9B0F-A711EEF0927E}"
EndProject
Project("{FAE04EC0-301F-11D3-BF4B-00C04F79EFBC}") = "HomeBudget.Repositories", "HomeBudget.Repositories\HomeBudget.Repositories.csproj", "{AD3FE62B-6AEF-439F-A8BA-93904240FC1D}"
EndProject
Project("{FAE04EC0-301F-11D3-BF4B-00C04F79EFBC}") = "HomeBudget.Models", "HomeBudget.Models\HomeBudget.Models.csproj", "{4A1B9510-1765-4468-A0F3-E37C9E36D7C5}"
EndProject
Global
	GlobalSection(SolutionConfigurationPlatforms) = preSolution
		Debug|Any CPU = Debug|Any CPU
		Release|Any CPU = Release|Any CPU
	EndGlobalSection
	GlobalSection(ProjectConfigurationPlatforms) = postSolution
		{A6F50B13-4063-4257-81E2-593465F89067}.Debug|Any CPU.ActiveCfg = Debug|Any CPU
		{A6F50B13-4063-4257-81E2-593465F89067}.Debug|Any CPU.Build.0 = Debug|Any CPU
		{A6F50B13-4063-4257-81E2-593465F89067}.Release|Any CPU.ActiveCfg = Release|Any CPU
		{A6F50B13-4063-4257-81E2-593465F89067}.Release|Any CPU.Build.0 = Release|Any CPU
		{2F5CE1E5-B9B8-4594-9B0F-A711EEF0927E}.Debug|Any CPU.ActiveCfg = Debug|Any CPU
		{2F5CE1E5-B9B8-4594-9B0F-A711EEF0927E}.Debug|Any CPU.Build.0 = Debug|Any CPU
		{2F5CE1E5-B9B8-4594-9B0F-A711EEF0927E}.Release|Any CPU.ActiveCfg = Release|Any CPU
		{2F5CE1E5-B9B8-4594-9B0F-A711EEF0927E}.Release|Any CPU.Build.0 = Release|Any CPU
		{AD3FE62B-6AEF-439F-A8BA-93904240FC1D}.Debug|Any CPU.ActiveCfg = Debug|Any CPU
		{AD3FE62B-6AEF-439F-A8BA-93904240FC1D}.Debug|Any CPU.Build.0 = Debug|Any CPU
		{AD3FE62B-6AEF-439F-A8BA-93904240FC1D}.Release|Any CPU.ActiveCfg = Release|Any CPU
		{AD3FE62B-6AEF-439F-A8BA-93904240FC1D}.Release|Any CPU.Build.0 = Release|Any CPU
		{4A1B9510-1765-4468-A0F3-E37C9E36D7C5}.Debug|Any CPU.ActiveCfg = Debug|Any CPU
		{4A1B9510-1765-4468-A0F3-E37C9E36D7C5}.Debug|Any CPU.Build.0 = Debug|Any CPU
		{4A1B9510-1765-4468-A0F3-E37C9E36D7C5}.Release|Any CPU.ActiveCfg = Release|Any CPU
		{4A1B9510-1765-4468-A0F3-E37C9E36D7C5}.Release|Any CPU.Build.0 = Release|Any CPU
	EndGlobalSection
	GlobalSection(SolutionProperties) = preSolution
		HideSolutionNode = FALSE
	EndGlobalSection
	GlobalSection(ExtensibilityGlobals) = postSolution
		SolutionGuid = {9B5598AD-5A18-4F05-90E7-018841371226}
	EndGlobalSection
EndGlobal
